
Microsoft Visual Studio Solution File, Format Version 12.00
# Visual Studio 15
VisualStudioVersion = 15.0.27428.2015
MinimumVisualStudioVersion = 10.0.40219.1
Project("{FAE04EC0-301F-11D3-BF4B-00C04F79EFBC}") = "PokemonAssignment", "PokemonAssignment\PokemonAssignment.csproj", "{84E3BB04-87A6-40B5-BC67-5B86BFF1939F}"
EndProject
Global
	GlobalSection(SolutionConfigurationPlatforms) = preSolution
		Debug|Any CPU = Debug|Any CPU
		Release|Any CPU = Release|Any CPU
	EndGlobalSection
	GlobalSection(ProjectConfigurationPlatforms) = postSolution
		{84E3BB04-87A6-40B5-BC67-5B86BFF1939F}.Debug|Any CPU.ActiveCfg = Debug|Any CPU
		{84E3BB04-87A6-40B5-BC67-5B86BFF1939F}.Debug|Any CPU.Build.0 = Debug|Any CPU
		{84E3BB04-87A6-40B5-BC67-5B86BFF1939F}.Release|Any CPU.ActiveCfg = Release|Any CPU
		{84E3BB04-87A6-40B5-BC67-5B86BFF1939F}.Release|Any CPU.Build.0 = Release|Any CPU
	EndGlobalSection
	GlobalSection(SolutionProperties) = preSolution
		HideSolutionNode = FALSE
	EndGlobalSection
	GlobalSection(ExtensibilityGlobals) = postSolution
		SolutionGuid = {CCC58D28-5B62-4F54-BB2E-815B0F60CA94}
	EndGlobalSection
EndGlobal
